
Microsoft Visual Studio Solution File, Format Version 12.00
# Visual Studio Version 16
VisualStudioVersion = 16.0.29418.71
MinimumVisualStudioVersion = 10.0.40219.1
Project("{FAE04EC0-301F-11D3-BF4B-00C04F79EFBC}") = "CSPersistentAttributeLib", "CSPersistentAttributeLib\CSPersistentAttributeLib.csproj", "{190E7184-4AA8-485F-ACAB-FF8F9B07FDBC}"
EndProject
Global
	GlobalSection(SolutionConfigurationPlatforms) = preSolution
		Debug|Any CPU = Debug|Any CPU
		Release|Any CPU = Release|Any CPU
	EndGlobalSection
	GlobalSection(ProjectConfigurationPlatforms) = postSolution
		{190E7184-4AA8-485F-ACAB-FF8F9B07FDBC}.Debug|Any CPU.ActiveCfg = Debug|Any CPU
		{190E7184-4AA8-485F-ACAB-FF8F9B07FDBC}.Debug|Any CPU.Build.0 = Debug|Any CPU
		{190E7184-4AA8-485F-ACAB-FF8F9B07FDBC}.Release|Any CPU.ActiveCfg = Release|Any CPU
		{190E7184-4AA8-485F-ACAB-FF8F9B07FDBC}.Release|Any CPU.Build.0 = Release|Any CPU
	EndGlobalSection
	GlobalSection(SolutionProperties) = preSolution
		HideSolutionNode = FALSE
	EndGlobalSection
	GlobalSection(ExtensibilityGlobals) = postSolution
		SolutionGuid = {36A4F9E3-02B2-4C6B-B917-8C99119F6692}
	EndGlobalSection
EndGlobal
